// !$*UTF8*$!
{
	archiveVersion = 1;
	classes = {
	};
	objectVersion = 46;
	objects = {

/* Begin PBXBuildFile section */
		D904589D1ABD00B200C4C8D9 /* TaskDetailController.m in Sources */ = {isa = PBXBuildFile; fileRef = D904589C1ABD00B200C4C8D9 /* TaskDetailController.m */; };
		D904589F1ABD00D500C4C8D9 /* README.md in Sources */ = {isa = PBXBuildFile; fileRef = D904589E1ABD00D500C4C8D9 /* README.md */; };
		D91275111A927B530009DEDD /* PHTextView.m in Sources */ = {isa = PBXBuildFile; fileRef = D91275101A927B530009DEDD /* PHTextView.m */; };
		D92928DB1A8F12CB00CCA1CF /* StatsViewController.m in Sources */ = {isa = PBXBuildFile; fileRef = D92928DA1A8F12CB00CCA1CF /* StatsViewController.m */; };
		D92928DE1A8F12DB00CCA1CF /* GraphsViewController.m in Sources */ = {isa = PBXBuildFile; fileRef = D92928DD1A8F12DB00CCA1CF /* GraphsViewController.m */; };
		D92928E11A8F3DAB00CCA1CF /* Account.m in Sources */ = {isa = PBXBuildFile; fileRef = D92928E01A8F3DAB00CCA1CF /* Account.m */; };
		D92928E51A8F3E4100CCA1CF /* Task.m in Sources */ = {isa = PBXBuildFile; fileRef = D92928E41A8F3E4100CCA1CF /* Task.m */; };
		D92928E91A8F3F0A00CCA1CF /* AddTaskController.m in Sources */ = {isa = PBXBuildFile; fileRef = D92928E81A8F3F0A00CCA1CF /* AddTaskController.m */; };
		D92928EC1A8F3FA300CCA1CF /* InterfaceController.m in Sources */ = {isa = PBXBuildFile; fileRef = D92928EB1A8F3FA300CCA1CF /* InterfaceController.m */; };
		D92929041A8F4DD900CCA1CF /* Exo2-Black.otf in Resources */ = {isa = PBXBuildFile; fileRef = D92928F21A8F4DD900CCA1CF /* Exo2-Black.otf */; };
		D92929051A8F4DD900CCA1CF /* Exo2-BlackItalic.otf in Resources */ = {isa = PBXBuildFile; fileRef = D92928F31A8F4DD900CCA1CF /* Exo2-BlackItalic.otf */; };
		D92929061A8F4DD900CCA1CF /* Exo2-Bold.otf in Resources */ = {isa = PBXBuildFile; fileRef = D92928F41A8F4DD900CCA1CF /* Exo2-Bold.otf */; };
		D92929071A8F4DD900CCA1CF /* Exo2-BoldItalic.otf in Resources */ = {isa = PBXBuildFile; fileRef = D92928F51A8F4DD900CCA1CF /* Exo2-BoldItalic.otf */; };
		D92929081A8F4DD900CCA1CF /* Exo2-ExtraBold.otf in Resources */ = {isa = PBXBuildFile; fileRef = D92928F61A8F4DD900CCA1CF /* Exo2-ExtraBold.otf */; };
		D92929091A8F4DD900CCA1CF /* Exo2-ExtraBoldItalic.otf in Resources */ = {isa = PBXBuildFile; fileRef = D92928F71A8F4DD900CCA1CF /* Exo2-ExtraBoldItalic.otf */; };
		D929290A1A8F4DD900CCA1CF /* Exo2-ExtraLight.otf in Resources */ = {isa = PBXBuildFile; fileRef = D92928F81A8F4DD900CCA1CF /* Exo2-ExtraLight.otf */; };
		D929290B1A8F4DD900CCA1CF /* Exo2-ExtraLightItalic.otf in Resources */ = {isa = PBXBuildFile; fileRef = D92928F91A8F4DD900CCA1CF /* Exo2-ExtraLightItalic.otf */; };
		D929290C1A8F4DD900CCA1CF /* Exo2-Italic.otf in Resources */ = {isa = PBXBuildFile; fileRef = D92928FA1A8F4DD900CCA1CF /* Exo2-Italic.otf */; };
		D929290D1A8F4DD900CCA1CF /* Exo2-Light.otf in Resources */ = {isa = PBXBuildFile; fileRef = D92928FB1A8F4DD900CCA1CF /* Exo2-Light.otf */; };
		D929290E1A8F4DD900CCA1CF /* Exo2-LightItalic.otf in Resources */ = {isa = PBXBuildFile; fileRef = D92928FC1A8F4DD900CCA1CF /* Exo2-LightItalic.otf */; };
		D929290F1A8F4DD900CCA1CF /* Exo2-Medium.otf in Resources */ = {isa = PBXBuildFile; fileRef = D92928FD1A8F4DD900CCA1CF /* Exo2-Medium.otf */; };
		D92929101A8F4DD900CCA1CF /* Exo2-MediumItalic.otf in Resources */ = {isa = PBXBuildFile; fileRef = D92928FE1A8F4DD900CCA1CF /* Exo2-MediumItalic.otf */; };
		D92929111A8F4DD900CCA1CF /* Exo2-Regular.otf in Resources */ = {isa = PBXBuildFile; fileRef = D92928FF1A8F4DD900CCA1CF /* Exo2-Regular.otf */; };
		D92929121A8F4DD900CCA1CF /* Exo2-SemiBold.otf in Resources */ = {isa = PBXBuildFile; fileRef = D92929001A8F4DD900CCA1CF /* Exo2-SemiBold.otf */; };
		D92929131A8F4DD900CCA1CF /* Exo2-SemiBoldItalic.otf in Resources */ = {isa = PBXBuildFile; fileRef = D92929011A8F4DD900CCA1CF /* Exo2-SemiBoldItalic.otf */; };
		D92929141A8F4DD900CCA1CF /* Exo2-Thin.otf in Resources */ = {isa = PBXBuildFile; fileRef = D92929021A8F4DD900CCA1CF /* Exo2-Thin.otf */; };
		D92929151A8F4DD900CCA1CF /* Exo2-ThinItalic.otf in Resources */ = {isa = PBXBuildFile; fileRef = D92929031A8F4DD900CCA1CF /* Exo2-ThinItalic.otf */; };
		D931A47D1A8DDD1D000B8E8B /* main.m in Sources */ = {isa = PBXBuildFile; fileRef = D931A47C1A8DDD1D000B8E8B /* main.m */; };
		D931A4801A8DDD1D000B8E8B /* AppDelegate.m in Sources */ = {isa = PBXBuildFile; fileRef = D931A47F1A8DDD1D000B8E8B /* AppDelegate.m */; };
		D931A4831A8DDD1D000B8E8B /* Statistics.xcdatamodeld in Sources */ = {isa = PBXBuildFile; fileRef = D931A4811A8DDD1D000B8E8B /* Statistics.xcdatamodeld */; };
		D931A4861A8DDD1D000B8E8B /* MainViewController.m in Sources */ = {isa = PBXBuildFile; fileRef = D931A4851A8DDD1D000B8E8B /* MainViewController.m */; };
		D931A48B1A8DDD1D000B8E8B /* Images.xcassets in Resources */ = {isa = PBXBuildFile; fileRef = D931A48A1A8DDD1D000B8E8B /* Images.xcassets */; };
		D931A48E1A8DDD1D000B8E8B /* LaunchScreen.xib in Resources */ = {isa = PBXBuildFile; fileRef = D931A48C1A8DDD1D000B8E8B /* LaunchScreen.xib */; };
		D931A49A1A8DDD1D000B8E8B /* StatisticsTests.m in Sources */ = {isa = PBXBuildFile; fileRef = D931A4991A8DDD1D000B8E8B /* StatisticsTests.m */; };
		D931A4A51A8DE2DB000B8E8B /* ColorOptions.m in Sources */ = {isa = PBXBuildFile; fileRef = D931A4A41A8DE2DB000B8E8B /* ColorOptions.m */; };
		D94AC2231A95E1F800FD6614 /* TaskCell.m in Sources */ = {isa = PBXBuildFile; fileRef = D94AC2221A95E1F800FD6614 /* TaskCell.m */; };
		D96587791A9885D7001D0EA3 /* OxygenMono-Regular.otf in Resources */ = {isa = PBXBuildFile; fileRef = D96587781A9885D7001D0EA3 /* OxygenMono-Regular.otf */; };
		D965877C1A98994C001D0EA3 /* TaskStatusHandler.m in Sources */ = {isa = PBXBuildFile; fileRef = D965877B1A98994C001D0EA3 /* TaskStatusHandler.m */; };
		D96C18991A9084CD00202BE1 /* CoreDataHandler.m in Sources */ = {isa = PBXBuildFile; fileRef = D96C18981A9084CD00202BE1 /* CoreDataHandler.m */; };
		D995A1841A913ECA005BC74F /* AddTaskView.m in Sources */ = {isa = PBXBuildFile; fileRef = D995A1831A913ECA005BC74F /* AddTaskView.m */; };
		D9F75EF51A928E22008B6495 /* SyncUtility.m in Sources */ = {isa = PBXBuildFile; fileRef = D9F75EF41A928E22008B6495 /* SyncUtility.m */; };
		D9FF04D61A91D89B0010436C /* SuccessView.m in Sources */ = {isa = PBXBuildFile; fileRef = D9FF04D51A91D89B0010436C /* SuccessView.m */; };
/* End PBXBuildFile section */

/* Begin PBXContainerItemProxy section */
		D931A4941A8DDD1D000B8E8B /* PBXContainerItemProxy */ = {
			isa = PBXContainerItemProxy;
			containerPortal = D931A46F1A8DDD1D000B8E8B /* Project object */;
			proxyType = 1;
			remoteGlobalIDString = D931A4761A8DDD1D000B8E8B;
			remoteInfo = Statistics;
		};
/* End PBXContainerItemProxy section */

/* Begin PBXFileReference section */
		D904589B1ABD00B200C4C8D9 /* TaskDetailController.h */ = {isa = PBXFileReference; fileEncoding = 4; lastKnownFileType = sourcecode.c.h; path = TaskDetailController.h; sourceTree = "<group>"; };
		D904589C1ABD00B200C4C8D9 /* TaskDetailController.m */ = {isa = PBXFileReference; fileEncoding = 4; lastKnownFileType = sourcecode.c.objc; path = TaskDetailController.m; sourceTree = "<group>"; };
		D904589E1ABD00D500C4C8D9 /* README.md */ = {isa = PBXFileReference; fileEncoding = 4; lastKnownFileType = net.daringfireball.markdown; path = README.md; sourceTree = "<group>"; };
		D912750F1A927B530009DEDD /* PHTextView.h */ = {isa = PBXFileReference; fileEncoding = 4; lastKnownFileType = sourcecode.c.h; path = PHTextView.h; sourceTree = "<group>"; };
		D91275101A927B530009DEDD /* PHTextView.m */ = {isa = PBXFileReference; fileEncoding = 4; lastKnownFileType = sourcecode.c.objc; path = PHTextView.m; sourceTree = "<group>"; };
		D92928D91A8F12CB00CCA1CF /* StatsViewController.h */ = {isa = PBXFileReference; fileEncoding = 4; lastKnownFileType = sourcecode.c.h; path = StatsViewController.h; sourceTree = "<group>"; };
		D92928DA1A8F12CB00CCA1CF /* StatsViewController.m */ = {isa = PBXFileReference; fileEncoding = 4; lastKnownFileType = sourcecode.c.objc; path = StatsViewController.m; sourceTree = "<group>"; };
		D92928DC1A8F12DB00CCA1CF /* GraphsViewController.h */ = {isa = PBXFileReference; fileEncoding = 4; lastKnownFileType = sourcecode.c.h; path = GraphsViewController.h; sourceTree = "<group>"; };
		D92928DD1A8F12DB00CCA1CF /* GraphsViewController.m */ = {isa = PBXFileReference; fileEncoding = 4; lastKnownFileType = sourcecode.c.objc; path = GraphsViewController.m; sourceTree = "<group>"; };
		D92928DF1A8F3DAB00CCA1CF /* Account.h */ = {isa = PBXFileReference; fileEncoding = 4; lastKnownFileType = sourcecode.c.h; path = Account.h; sourceTree = "<group>"; };
		D92928E01A8F3DAB00CCA1CF /* Account.m */ = {isa = PBXFileReference; fileEncoding = 4; lastKnownFileType = sourcecode.c.objc; path = Account.m; sourceTree = "<group>"; };
		D92928E31A8F3E4100CCA1CF /* Task.h */ = {isa = PBXFileReference; fileEncoding = 4; lastKnownFileType = sourcecode.c.h; path = Task.h; sourceTree = "<group>"; };
		D92928E41A8F3E4100CCA1CF /* Task.m */ = {isa = PBXFileReference; fileEncoding = 4; lastKnownFileType = sourcecode.c.objc; path = Task.m; sourceTree = "<group>"; };
		D92928E71A8F3F0A00CCA1CF /* AddTaskController.h */ = {isa = PBXFileReference; fileEncoding = 4; lastKnownFileType = sourcecode.c.h; path = AddTaskController.h; sourceTree = "<group>"; };
		D92928E81A8F3F0A00CCA1CF /* AddTaskController.m */ = {isa = PBXFileReference; fileEncoding = 4; lastKnownFileType = sourcecode.c.objc; path = AddTaskController.m; sourceTree = "<group>"; };
		D92928EA1A8F3FA300CCA1CF /* InterfaceController.h */ = {isa = PBXFileReference; fileEncoding = 4; lastKnownFileType = sourcecode.c.h; path = InterfaceController.h; sourceTree = "<group>"; };
		D92928EB1A8F3FA300CCA1CF /* InterfaceController.m */ = {isa = PBXFileReference; fileEncoding = 4; lastKnownFileType = sourcecode.c.objc; path = InterfaceController.m; sourceTree = "<group>"; };
		D92928F21A8F4DD900CCA1CF /* Exo2-Black.otf */ = {isa = PBXFileReference; lastKnownFileType = file; name = "Exo2-Black.otf"; path = "Statistics/EXO_2_OTF/Exo2-Black.otf"; sourceTree = "<group>"; };
		D92928F31A8F4DD900CCA1CF /* Exo2-BlackItalic.otf */ = {isa = PBXFileReference; lastKnownFileType = file; name = "Exo2-BlackItalic.otf"; path = "Statistics/EXO_2_OTF/Exo2-BlackItalic.otf"; sourceTree = "<group>"; };
		D92928F41A8F4DD900CCA1CF /* Exo2-Bold.otf */ = {isa = PBXFileReference; lastKnownFileType = file; name = "Exo2-Bold.otf"; path = "Statistics/EXO_2_OTF/Exo2-Bold.otf"; sourceTree = "<group>"; };
		D92928F51A8F4DD900CCA1CF /* Exo2-BoldItalic.otf */ = {isa = PBXFileReference; lastKnownFileType = file; name = "Exo2-BoldItalic.otf"; path = "Statistics/EXO_2_OTF/Exo2-BoldItalic.otf"; sourceTree = "<group>"; };
		D92928F61A8F4DD900CCA1CF /* Exo2-ExtraBold.otf */ = {isa = PBXFileReference; lastKnownFileType = file; name = "Exo2-ExtraBold.otf"; path = "Statistics/EXO_2_OTF/Exo2-ExtraBold.otf"; sourceTree = "<group>"; };
		D92928F71A8F4DD900CCA1CF /* Exo2-ExtraBoldItalic.otf */ = {isa = PBXFileReference; lastKnownFileType = file; name = "Exo2-ExtraBoldItalic.otf"; path = "Statistics/EXO_2_OTF/Exo2-ExtraBoldItalic.otf"; sourceTree = "<group>"; };
		D92928F81A8F4DD900CCA1CF /* Exo2-ExtraLight.otf */ = {isa = PBXFileReference; lastKnownFileType = file; name = "Exo2-ExtraLight.otf"; path = "Statistics/EXO_2_OTF/Exo2-ExtraLight.otf"; sourceTree = "<group>"; };
		D92928F91A8F4DD900CCA1CF /* Exo2-ExtraLightItalic.otf */ = {isa = PBXFileReference; lastKnownFileType = file; name = "Exo2-ExtraLightItalic.otf"; path = "Statistics/EXO_2_OTF/Exo2-ExtraLightItalic.otf"; sourceTree = "<group>"; };
		D92928FA1A8F4DD900CCA1CF /* Exo2-Italic.otf */ = {isa = PBXFileReference; lastKnownFileType = file; name = "Exo2-Italic.otf"; path = "Statistics/EXO_2_OTF/Exo2-Italic.otf"; sourceTree = "<group>"; };
		D92928FB1A8F4DD900CCA1CF /* Exo2-Light.otf */ = {isa = PBXFileReference; lastKnownFileType = file; name = "Exo2-Light.otf"; path = "Statistics/EXO_2_OTF/Exo2-Light.otf"; sourceTree = "<group>"; };
		D92928FC1A8F4DD900CCA1CF /* Exo2-LightItalic.otf */ = {isa = PBXFileReference; lastKnownFileType = file; name = "Exo2-LightItalic.otf"; path = "Statistics/EXO_2_OTF/Exo2-LightItalic.otf"; sourceTree = "<group>"; };
		D92928FD1A8F4DD900CCA1CF /* Exo2-Medium.otf */ = {isa = PBXFileReference; lastKnownFileType = file; name = "Exo2-Medium.otf"; path = "Statistics/EXO_2_OTF/Exo2-Medium.otf"; sourceTree = "<group>"; };
		D92928FE1A8F4DD900CCA1CF /* Exo2-MediumItalic.otf */ = {isa = PBXFileReference; lastKnownFileType = file; name = "Exo2-MediumItalic.otf"; path = "Statistics/EXO_2_OTF/Exo2-MediumItalic.otf"; sourceTree = "<group>"; };
		D92928FF1A8F4DD900CCA1CF /* Exo2-Regular.otf */ = {isa = PBXFileReference; lastKnownFileType = file; name = "Exo2-Regular.otf"; path = "Statistics/EXO_2_OTF/Exo2-Regular.otf"; sourceTree = "<group>"; };
		D92929001A8F4DD900CCA1CF /* Exo2-SemiBold.otf */ = {isa = PBXFileReference; lastKnownFileType = file; name = "Exo2-SemiBold.otf"; path = "Statistics/EXO_2_OTF/Exo2-SemiBold.otf"; sourceTree = "<group>"; };
		D92929011A8F4DD900CCA1CF /* Exo2-SemiBoldItalic.otf */ = {isa = PBXFileReference; lastKnownFileType = file; name = "Exo2-SemiBoldItalic.otf"; path = "Statistics/EXO_2_OTF/Exo2-SemiBoldItalic.otf"; sourceTree = "<group>"; };
		D92929021A8F4DD900CCA1CF /* Exo2-Thin.otf */ = {isa = PBXFileReference; lastKnownFileType = file; name = "Exo2-Thin.otf"; path = "Statistics/EXO_2_OTF/Exo2-Thin.otf"; sourceTree = "<group>"; };
		D92929031A8F4DD900CCA1CF /* Exo2-ThinItalic.otf */ = {isa = PBXFileReference; lastKnownFileType = file; name = "Exo2-ThinItalic.otf"; path = "Statistics/EXO_2_OTF/Exo2-ThinItalic.otf"; sourceTree = "<group>"; };
		D931A4771A8DDD1D000B8E8B /* Statistics.app */ = {isa = PBXFileReference; explicitFileType = wrapper.application; includeInIndex = 0; path = Statistics.app; sourceTree = BUILT_PRODUCTS_DIR; };
		D931A47B1A8DDD1D000B8E8B /* Info.plist */ = {isa = PBXFileReference; lastKnownFileType = text.plist.xml; path = Info.plist; sourceTree = "<group>"; };
		D931A47C1A8DDD1D000B8E8B /* main.m */ = {isa = PBXFileReference; lastKnownFileType = sourcecode.c.objc; path = main.m; sourceTree = "<group>"; };
		D931A47E1A8DDD1D000B8E8B /* AppDelegate.h */ = {isa = PBXFileReference; lastKnownFileType = sourcecode.c.h; path = AppDelegate.h; sourceTree = "<group>"; };
		D931A47F1A8DDD1D000B8E8B /* AppDelegate.m */ = {isa = PBXFileReference; lastKnownFileType = sourcecode.c.objc; path = AppDelegate.m; sourceTree = "<group>"; };
		D931A4821A8DDD1D000B8E8B /* Statistics.xcdatamodel */ = {isa = PBXFileReference; lastKnownFileType = wrapper.xcdatamodel; path = Statistics.xcdatamodel; sourceTree = "<group>"; };
		D931A4841A8DDD1D000B8E8B /* MainViewController.h */ = {isa = PBXFileReference; lastKnownFileType = sourcecode.c.h; path = MainViewController.h; sourceTree = "<group>"; };
		D931A4851A8DDD1D000B8E8B /* MainViewController.m */ = {isa = PBXFileReference; lastKnownFileType = sourcecode.c.objc; path = MainViewController.m; sourceTree = "<group>"; };
		D931A48A1A8DDD1D000B8E8B /* Images.xcassets */ = {isa = PBXFileReference; lastKnownFileType = folder.assetcatalog; path = Images.xcassets; sourceTree = "<group>"; };
		D931A48D1A8DDD1D000B8E8B /* Base */ = {isa = PBXFileReference; lastKnownFileType = file.xib; name = Base; path = Base.lproj/LaunchScreen.xib; sourceTree = "<group>"; };
		D931A4931A8DDD1D000B8E8B /* StatisticsTests.xctest */ = {isa = PBXFileReference; explicitFileType = wrapper.cfbundle; includeInIndex = 0; path = StatisticsTests.xctest; sourceTree = BUILT_PRODUCTS_DIR; };
		D931A4981A8DDD1D000B8E8B /* Info.plist */ = {isa = PBXFileReference; lastKnownFileType = text.plist.xml; path = Info.plist; sourceTree = "<group>"; };
		D931A4991A8DDD1D000B8E8B /* StatisticsTests.m */ = {isa = PBXFileReference; lastKnownFileType = sourcecode.c.objc; path = StatisticsTests.m; sourceTree = "<group>"; };
		D931A4A31A8DE2DB000B8E8B /* ColorOptions.h */ = {isa = PBXFileReference; fileEncoding = 4; lastKnownFileType = sourcecode.c.h; path = ColorOptions.h; sourceTree = "<group>"; };
		D931A4A41A8DE2DB000B8E8B /* ColorOptions.m */ = {isa = PBXFileReference; fileEncoding = 4; lastKnownFileType = sourcecode.c.objc; path = ColorOptions.m; sourceTree = "<group>"; };
		D94AC2211A95E1F800FD6614 /* TaskCell.h */ = {isa = PBXFileReference; fileEncoding = 4; lastKnownFileType = sourcecode.c.h; path = TaskCell.h; sourceTree = "<group>"; };
		D94AC2221A95E1F800FD6614 /* TaskCell.m */ = {isa = PBXFileReference; fileEncoding = 4; lastKnownFileType = sourcecode.c.objc; path = TaskCell.m; sourceTree = "<group>"; };
		D96587781A9885D7001D0EA3 /* OxygenMono-Regular.otf */ = {isa = PBXFileReference; lastKnownFileType = file; name = "OxygenMono-Regular.otf"; path = "Statistics/OxygenMono-Regular.otf"; sourceTree = "<group>"; };
		D965877A1A98994C001D0EA3 /* TaskStatusHandler.h */ = {isa = PBXFileReference; fileEncoding = 4; lastKnownFileType = sourcecode.c.h; path = TaskStatusHandler.h; sourceTree = "<group>"; };
		D965877B1A98994C001D0EA3 /* TaskStatusHandler.m */ = {isa = PBXFileReference; fileEncoding = 4; lastKnownFileType = sourcecode.c.objc; path = TaskStatusHandler.m; sourceTree = "<group>"; };
		D96C18971A9084CD00202BE1 /* CoreDataHandler.h */ = {isa = PBXFileReference; fileEncoding = 4; lastKnownFileType = sourcecode.c.h; path = CoreDataHandler.h; sourceTree = "<group>"; };
		D96C18981A9084CD00202BE1 /* CoreDataHandler.m */ = {isa = PBXFileReference; fileEncoding = 4; lastKnownFileType = sourcecode.c.objc; path = CoreDataHandler.m; sourceTree = "<group>"; };
		D995A1821A913ECA005BC74F /* AddTaskView.h */ = {isa = PBXFileReference; fileEncoding = 4; lastKnownFileType = sourcecode.c.h; path = AddTaskView.h; sourceTree = "<group>"; };
		D995A1831A913ECA005BC74F /* AddTaskView.m */ = {isa = PBXFileReference; fileEncoding = 4; lastKnownFileType = sourcecode.c.objc; path = AddTaskView.m; sourceTree = "<group>"; };
		D9F75EF31A928E22008B6495 /* SyncUtility.h */ = {isa = PBXFileReference; fileEncoding = 4; lastKnownFileType = sourcecode.c.h; path = SyncUtility.h; sourceTree = "<group>"; };
		D9F75EF41A928E22008B6495 /* SyncUtility.m */ = {isa = PBXFileReference; fileEncoding = 4; lastKnownFileType = sourcecode.c.objc; path = SyncUtility.m; sourceTree = "<group>"; };
		D9FF04D41A91D89B0010436C /* SuccessView.h */ = {isa = PBXFileReference; fileEncoding = 4; lastKnownFileType = sourcecode.c.h; path = SuccessView.h; sourceTree = "<group>"; };
		D9FF04D51A91D89B0010436C /* SuccessView.m */ = {isa = PBXFileReference; fileEncoding = 4; lastKnownFileType = sourcecode.c.objc; path = SuccessView.m; sourceTree = "<group>"; };
/* End PBXFileReference section */

/* Begin PBXFrameworksBuildPhase section */
		D931A4741A8DDD1D000B8E8B /* Frameworks */ = {
			isa = PBXFrameworksBuildPhase;
			buildActionMask = 2147483647;
			files = (
			);
			runOnlyForDeploymentPostprocessing = 0;
		};
		D931A4901A8DDD1D000B8E8B /* Frameworks */ = {
			isa = PBXFrameworksBuildPhase;
			buildActionMask = 2147483647;
			files = (
			);
			runOnlyForDeploymentPostprocessing = 0;
		};
/* End PBXFrameworksBuildPhase section */

/* Begin PBXGroup section */
		D92928D71A8F123C00CCA1CF /* StatsPanelUI */ = {
			isa = PBXGroup;
			children = (
				D92928D91A8F12CB00CCA1CF /* StatsViewController.h */,
				D92928DA1A8F12CB00CCA1CF /* StatsViewController.m */,
			);
			name = StatsPanelUI;
			sourceTree = "<group>";
		};
		D92928D81A8F124B00CCA1CF /* GraphsPanelUI */ = {
			isa = PBXGroup;
			children = (
				D92928DC1A8F12DB00CCA1CF /* GraphsViewController.h */,
				D92928DD1A8F12DB00CCA1CF /* GraphsViewController.m */,
			);
			name = GraphsPanelUI;
			sourceTree = "<group>";
		};
		D92928E21A8F3DB300CCA1CF /* Core Data */ = {
			isa = PBXGroup;
			children = (
				D92928E31A8F3E4100CCA1CF /* Task.h */,
				D92928E41A8F3E4100CCA1CF /* Task.m */,
				D92928DF1A8F3DAB00CCA1CF /* Account.h */,
				D92928E01A8F3DAB00CCA1CF /* Account.m */,
				D96C18971A9084CD00202BE1 /* CoreDataHandler.h */,
				D96C18981A9084CD00202BE1 /* CoreDataHandler.m */,
			);
			name = "Core Data";
			sourceTree = "<group>";
		};
		D92928E61A8F3EED00CCA1CF /* TaskCreationUI */ = {
			isa = PBXGroup;
			children = (
				D92928E71A8F3F0A00CCA1CF /* AddTaskController.h */,
				D92928E81A8F3F0A00CCA1CF /* AddTaskController.m */,
				D995A1821A913ECA005BC74F /* AddTaskView.h */,
				D995A1831A913ECA005BC74F /* AddTaskView.m */,
				D9FF04D41A91D89B0010436C /* SuccessView.h */,
				D9FF04D51A91D89B0010436C /* SuccessView.m */,
				D912750F1A927B530009DEDD /* PHTextView.h */,
				D91275101A927B530009DEDD /* PHTextView.m */,
			);
			name = TaskCreationUI;
			sourceTree = "<group>";
		};
		D92929161A8F4DED00CCA1CF /* Exo2 */ = {
			isa = PBXGroup;
			children = (
				D92928F21A8F4DD900CCA1CF /* Exo2-Black.otf */,
				D92928F31A8F4DD900CCA1CF /* Exo2-BlackItalic.otf */,
				D92928F41A8F4DD900CCA1CF /* Exo2-Bold.otf */,
				D92928F51A8F4DD900CCA1CF /* Exo2-BoldItalic.otf */,
				D92928F61A8F4DD900CCA1CF /* Exo2-ExtraBold.otf */,
				D92928F71A8F4DD900CCA1CF /* Exo2-ExtraBoldItalic.otf */,
				D92928F81A8F4DD900CCA1CF /* Exo2-ExtraLight.otf */,
				D92928F91A8F4DD900CCA1CF /* Exo2-ExtraLightItalic.otf */,
				D92928FA1A8F4DD900CCA1CF /* Exo2-Italic.otf */,
				D92928FB1A8F4DD900CCA1CF /* Exo2-Light.otf */,
				D92928FC1A8F4DD900CCA1CF /* Exo2-LightItalic.otf */,
				D92928FD1A8F4DD900CCA1CF /* Exo2-Medium.otf */,
				D92928FE1A8F4DD900CCA1CF /* Exo2-MediumItalic.otf */,
				D92928FF1A8F4DD900CCA1CF /* Exo2-Regular.otf */,
				D92929001A8F4DD900CCA1CF /* Exo2-SemiBold.otf */,
				D92929011A8F4DD900CCA1CF /* Exo2-SemiBoldItalic.otf */,
				D92929021A8F4DD900CCA1CF /* Exo2-Thin.otf */,
				D92929031A8F4DD900CCA1CF /* Exo2-ThinItalic.otf */,
			);
			name = Exo2;
			sourceTree = "<group>";
		};
		D931A46E1A8DDD1D000B8E8B = {
			isa = PBXGroup;
			children = (
				D96587781A9885D7001D0EA3 /* OxygenMono-Regular.otf */,
				D92929161A8F4DED00CCA1CF /* Exo2 */,
				D931A4791A8DDD1D000B8E8B /* Statistics */,
				D931A4961A8DDD1D000B8E8B /* StatisticsTests */,
				D931A4781A8DDD1D000B8E8B /* Products */,
				D904589E1ABD00D500C4C8D9 /* README.md */,
			);
			sourceTree = "<group>";
		};
		D931A4781A8DDD1D000B8E8B /* Products */ = {
			isa = PBXGroup;
			children = (
				D931A4771A8DDD1D000B8E8B /* Statistics.app */,
				D931A4931A8DDD1D000B8E8B /* StatisticsTests.xctest */,
			);
			name = Products;
			sourceTree = "<group>";
		};
		D931A4791A8DDD1D000B8E8B /* Statistics */ = {
			isa = PBXGroup;
			children = (
				D931A47E1A8DDD1D000B8E8B /* AppDelegate.h */,
				D931A47F1A8DDD1D000B8E8B /* AppDelegate.m */,
				D931A4A61A8DE4B2000B8E8B /* MainPanelUI */,
				D92928D71A8F123C00CCA1CF /* StatsPanelUI */,
				D92928D81A8F124B00CCA1CF /* GraphsPanelUI */,
				D92928E61A8F3EED00CCA1CF /* TaskCreationUI */,
				D931A4A81A8DE9C3000B8E8B /* UIManagement */,
				D92928E21A8F3DB300CCA1CF /* Core Data */,
				D9C4BC001A91CBF700F27EBC /* Syncing */,
				D931A4A71A8DE4BF000B8E8B /* UIOptions */,
				D931A48A1A8DDD1D000B8E8B /* Images.xcassets */,
				D931A48C1A8DDD1D000B8E8B /* LaunchScreen.xib */,
				D931A4811A8DDD1D000B8E8B /* Statistics.xcdatamodeld */,
				D931A47A1A8DDD1D000B8E8B /* Supporting Files */,
			);
			path = Statistics;
			sourceTree = "<group>";
		};
		D931A47A1A8DDD1D000B8E8B /* Supporting Files */ = {
			isa = PBXGroup;
			children = (
				D931A47B1A8DDD1D000B8E8B /* Info.plist */,
				D931A47C1A8DDD1D000B8E8B /* main.m */,
			);
			name = "Supporting Files";
			sourceTree = "<group>";
		};
		D931A4961A8DDD1D000B8E8B /* StatisticsTests */ = {
			isa = PBXGroup;
			children = (
				D931A4991A8DDD1D000B8E8B /* StatisticsTests.m */,
				D931A4971A8DDD1D000B8E8B /* Supporting Files */,
			);
			path = StatisticsTests;
			sourceTree = "<group>";
		};
		D931A4971A8DDD1D000B8E8B /* Supporting Files */ = {
			isa = PBXGroup;
			children = (
				D931A4981A8DDD1D000B8E8B /* Info.plist */,
			);
			name = "Supporting Files";
			sourceTree = "<group>";
		};
		D931A4A61A8DE4B2000B8E8B /* MainPanelUI */ = {
			isa = PBXGroup;
			children = (
				D931A4841A8DDD1D000B8E8B /* MainViewController.h */,
				D931A4851A8DDD1D000B8E8B /* MainViewController.m */,
				D94AC2211A95E1F800FD6614 /* TaskCell.h */,
				D94AC2221A95E1F800FD6614 /* TaskCell.m */,
				D965877A1A98994C001D0EA3 /* TaskStatusHandler.h */,
				D965877B1A98994C001D0EA3 /* TaskStatusHandler.m */,
				D904589B1ABD00B200C4C8D9 /* TaskDetailController.h */,
				D904589C1ABD00B200C4C8D9 /* TaskDetailController.m */,
			);
			name = MainPanelUI;
			sourceTree = "<group>";
		};
		D931A4A71A8DE4BF000B8E8B /* UIOptions */ = {
			isa = PBXGroup;
			children = (
				D931A4A31A8DE2DB000B8E8B /* ColorOptions.h */,
				D931A4A41A8DE2DB000B8E8B /* ColorOptions.m */,
			);
			name = UIOptions;
			sourceTree = "<group>";
		};
		D931A4A81A8DE9C3000B8E8B /* UIManagement */ = {
			isa = PBXGroup;
			children = (
				D92928EA1A8F3FA300CCA1CF /* InterfaceController.h */,
				D92928EB1A8F3FA300CCA1CF /* InterfaceController.m */,
			);
			name = UIManagement;
			sourceTree = "<group>";
		};
		D9C4BC001A91CBF700F27EBC /* Syncing */ = {
			isa = PBXGroup;
			children = (
				D9F75EF31A928E22008B6495 /* SyncUtility.h */,
				D9F75EF41A928E22008B6495 /* SyncUtility.m */,
			);
			name = Syncing;
			sourceTree = "<group>";
		};
/* End PBXGroup section */

/* Begin PBXNativeTarget section */
		D931A4761A8DDD1D000B8E8B /* Statistics */ = {
			isa = PBXNativeTarget;
			buildConfigurationList = D931A49D1A8DDD1D000B8E8B /* Build configuration list for PBXNativeTarget "Statistics" */;
			buildPhases = (
				D931A4731A8DDD1D000B8E8B /* Sources */,
				D931A4741A8DDD1D000B8E8B /* Frameworks */,
				D931A4751A8DDD1D000B8E8B /* Resources */,
			);
			buildRules = (
			);
			dependencies = (
			);
			name = Statistics;
			productName = Statistics;
			productReference = D931A4771A8DDD1D000B8E8B /* Statistics.app */;
			productType = "com.apple.product-type.application";
		};
		D931A4921A8DDD1D000B8E8B /* StatisticsTests */ = {
			isa = PBXNativeTarget;
			buildConfigurationList = D931A4A01A8DDD1D000B8E8B /* Build configuration list for PBXNativeTarget "StatisticsTests" */;
			buildPhases = (
				D931A48F1A8DDD1D000B8E8B /* Sources */,
				D931A4901A8DDD1D000B8E8B /* Frameworks */,
				D931A4911A8DDD1D000B8E8B /* Resources */,
			);
			buildRules = (
			);
			dependencies = (
				D931A4951A8DDD1D000B8E8B /* PBXTargetDependency */,
			);
			name = StatisticsTests;
			productName = StatisticsTests;
			productReference = D931A4931A8DDD1D000B8E8B /* StatisticsTests.xctest */;
			productType = "com.apple.product-type.bundle.unit-test";
		};
/* End PBXNativeTarget section */

/* Begin PBXProject section */
		D931A46F1A8DDD1D000B8E8B /* Project object */ = {
			isa = PBXProject;
			attributes = {
				LastUpgradeCheck = 0630;
				ORGANIZATIONNAME = Orange;
				TargetAttributes = {
					D931A4761A8DDD1D000B8E8B = {
						CreatedOnToolsVersion = 6.2;
					};
					D931A4921A8DDD1D000B8E8B = {
						CreatedOnToolsVersion = 6.2;
						TestTargetID = D931A4761A8DDD1D000B8E8B;
					};
				};
			};
			buildConfigurationList = D931A4721A8DDD1D000B8E8B /* Build configuration list for PBXProject "Statistics" */;
			compatibilityVersion = "Xcode 3.2";
			developmentRegion = English;
			hasScannedForEncodings = 0;
			knownRegions = (
				en,
				Base,
			);
			mainGroup = D931A46E1A8DDD1D000B8E8B;
			productRefGroup = D931A4781A8DDD1D000B8E8B /* Products */;
			projectDirPath = "";
			projectRoot = "";
			targets = (
				D931A4761A8DDD1D000B8E8B /* Statistics */,
				D931A4921A8DDD1D000B8E8B /* StatisticsTests */,
			);
		};
/* End PBXProject section */

/* Begin PBXResourcesBuildPhase section */
		D931A4751A8DDD1D000B8E8B /* Resources */ = {
			isa = PBXResourcesBuildPhase;
			buildActionMask = 2147483647;
			files = (
				D92929041A8F4DD900CCA1CF /* Exo2-Black.otf in Resources */,
				D92929051A8F4DD900CCA1CF /* Exo2-BlackItalic.otf in Resources */,
				D92929061A8F4DD900CCA1CF /* Exo2-Bold.otf in Resources */,
				D92929071A8F4DD900CCA1CF /* Exo2-BoldItalic.otf in Resources */,
				D92929081A8F4DD900CCA1CF /* Exo2-ExtraBold.otf in Resources */,
				D92929091A8F4DD900CCA1CF /* Exo2-ExtraBoldItalic.otf in Resources */,
				D929290A1A8F4DD900CCA1CF /* Exo2-ExtraLight.otf in Resources */,
				D929290B1A8F4DD900CCA1CF /* Exo2-ExtraLightItalic.otf in Resources */,
				D929290C1A8F4DD900CCA1CF /* Exo2-Italic.otf in Resources */,
				D929290D1A8F4DD900CCA1CF /* Exo2-Light.otf in Resources */,
				D929290E1A8F4DD900CCA1CF /* Exo2-LightItalic.otf in Resources */,
				D929290F1A8F4DD900CCA1CF /* Exo2-Medium.otf in Resources */,
				D92929101A8F4DD900CCA1CF /* Exo2-MediumItalic.otf in Resources */,
				D92929111A8F4DD900CCA1CF /* Exo2-Regular.otf in Resources */,
				D96587791A9885D7001D0EA3 /* OxygenMono-Regular.otf in Resources */,
				D92929121A8F4DD900CCA1CF /* Exo2-SemiBold.otf in Resources */,
				D92929131A8F4DD900CCA1CF /* Exo2-SemiBoldItalic.otf in Resources */,
				D92929141A8F4DD900CCA1CF /* Exo2-Thin.otf in Resources */,
				D92929151A8F4DD900CCA1CF /* Exo2-ThinItalic.otf in Resources */,
				D931A48E1A8DDD1D000B8E8B /* LaunchScreen.xib in Resources */,
				D931A48B1A8DDD1D000B8E8B /* Images.xcassets in Resources */,
			);
			runOnlyForDeploymentPostprocessing = 0;
		};
		D931A4911A8DDD1D000B8E8B /* Resources */ = {
			isa = PBXResourcesBuildPhase;
			buildActionMask = 2147483647;
			files = (
			);
			runOnlyForDeploymentPostprocessing = 0;
		};
/* End PBXResourcesBuildPhase section */

/* Begin PBXSourcesBuildPhase section */
		D931A4731A8DDD1D000B8E8B /* Sources */ = {
			isa = PBXSourcesBuildPhase;
			buildActionMask = 2147483647;
			files = (
				D92928DE1A8F12DB00CCA1CF /* GraphsViewController.m in Sources */,
				D96C18991A9084CD00202BE1 /* CoreDataHandler.m in Sources */,
				D904589F1ABD00D500C4C8D9 /* README.md in Sources */,
				D9FF04D61A91D89B0010436C /* SuccessView.m in Sources */,
				D92928EC1A8F3FA300CCA1CF /* InterfaceController.m in Sources */,
				D92928E11A8F3DAB00CCA1CF /* Account.m in Sources */,
				D931A4801A8DDD1D000B8E8B /* AppDelegate.m in Sources */,
				D94AC2231A95E1F800FD6614 /* TaskCell.m in Sources */,
				D91275111A927B530009DEDD /* PHTextView.m in Sources */,
				D904589D1ABD00B200C4C8D9 /* TaskDetailController.m in Sources */,
				D995A1841A913ECA005BC74F /* AddTaskView.m in Sources */,
				D931A47D1A8DDD1D000B8E8B /* main.m in Sources */,
				D9F75EF51A928E22008B6495 /* SyncUtility.m in Sources */,
				D92928DB1A8F12CB00CCA1CF /* StatsViewController.m in Sources */,
				D931A4861A8DDD1D000B8E8B /* MainViewController.m in Sources */,
				D965877C1A98994C001D0EA3 /* TaskStatusHandler.m in Sources */,
				D931A4831A8DDD1D000B8E8B /* Statistics.xcdatamodeld in Sources */,
				D92928E51A8F3E4100CCA1CF /* Task.m in Sources */,
				D92928E91A8F3F0A00CCA1CF /* AddTaskController.m in Sources */,
				D931A4A51A8DE2DB000B8E8B /* ColorOptions.m in Sources */,
			);
			runOnlyForDeploymentPostprocessing = 0;
		};
		D931A48F1A8DDD1D000B8E8B /* Sources */ = {
			isa = PBXSourcesBuildPhase;
			buildActionMask = 2147483647;
			files = (
				D931A49A1A8DDD1D000B8E8B /* StatisticsTests.m in Sources */,
			);
			runOnlyForDeploymentPostprocessing = 0;
		};
/* End PBXSourcesBuildPhase section */

/* Begin PBXTargetDependency section */
		D931A4951A8DDD1D000B8E8B /* PBXTargetDependency */ = {
			isa = PBXTargetDependency;
			target = D931A4761A8DDD1D000B8E8B /* Statistics */;
			targetProxy = D931A4941A8DDD1D000B8E8B /* PBXContainerItemProxy */;
		};
/* End PBXTargetDependency section */

/* Begin PBXVariantGroup section */
		D931A48C1A8DDD1D000B8E8B /* LaunchScreen.xib */ = {
			isa = PBXVariantGroup;
			children = (
				D931A48D1A8DDD1D000B8E8B /* Base */,
			);
			name = LaunchScreen.xib;
			sourceTree = "<group>";
		};
/* End PBXVariantGroup section */

/* Begin XCBuildConfiguration section */
		D931A49B1A8DDD1D000B8E8B /* Debug */ = {
			isa = XCBuildConfiguration;
			buildSettings = {
				ALWAYS_SEARCH_USER_PATHS = NO;
				CLANG_CXX_LANGUAGE_STANDARD = "gnu++0x";
				CLANG_CXX_LIBRARY = "libc++";
				CLANG_ENABLE_MODULES = YES;
				CLANG_ENABLE_OBJC_ARC = YES;
				CLANG_WARN_BOOL_CONVERSION = YES;
				CLANG_WARN_CONSTANT_CONVERSION = YES;
				CLANG_WARN_DIRECT_OBJC_ISA_USAGE = YES_ERROR;
				CLANG_WARN_EMPTY_BODY = YES;
				CLANG_WARN_ENUM_CONVERSION = YES;
				CLANG_WARN_INT_CONVERSION = YES;
				CLANG_WARN_OBJC_ROOT_CLASS = YES_ERROR;
				CLANG_WARN_UNREACHABLE_CODE = YES;
				CLANG_WARN__DUPLICATE_METHOD_MATCH = YES;
				"CODE_SIGN_IDENTITY[sdk=iphoneos*]" = "iPhone Developer";
				COPY_PHASE_STRIP = NO;
				ENABLE_STRICT_OBJC_MSGSEND = YES;
				GCC_C_LANGUAGE_STANDARD = gnu99;
				GCC_DYNAMIC_NO_PIC = NO;
				GCC_OPTIMIZATION_LEVEL = 0;
				GCC_PREPROCESSOR_DEFINITIONS = (
					"DEBUG=1",
					"$(inherited)",
				);
				GCC_SYMBOLS_PRIVATE_EXTERN = NO;
				GCC_WARN_64_TO_32_BIT_CONVERSION = YES;
				GCC_WARN_ABOUT_RETURN_TYPE = YES_ERROR;
				GCC_WARN_UNDECLARED_SELECTOR = YES;
				GCC_WARN_UNINITIALIZED_AUTOS = YES_AGGRESSIVE;
				GCC_WARN_UNUSED_FUNCTION = YES;
				GCC_WARN_UNUSED_VARIABLE = YES;
				IPHONEOS_DEPLOYMENT_TARGET = 8.2;
				MTL_ENABLE_DEBUG_INFO = YES;
				ONLY_ACTIVE_ARCH = YES;
				SDKROOT = iphoneos;
			};
			name = Debug;
		};
		D931A49C1A8DDD1D000B8E8B /* Release */ = {
			isa = XCBuildConfiguration;
			buildSettings = {
				ALWAYS_SEARCH_USER_PATHS = NO;
				CLANG_CXX_LANGUAGE_STANDARD = "gnu++0x";
				CLANG_CXX_LIBRARY = "libc++";
				CLANG_ENABLE_MODULES = YES;
				CLANG_ENABLE_OBJC_ARC = YES;
				CLANG_WARN_BOOL_CONVERSION = YES;
				CLANG_WARN_CONSTANT_CONVERSION = YES;
				CLANG_WARN_DIRECT_OBJC_ISA_USAGE = YES_ERROR;
				CLANG_WARN_EMPTY_BODY = YES;
				CLANG_WARN_ENUM_CONVERSION = YES;
				CLANG_WARN_INT_CONVERSION = YES;
				CLANG_WARN_OBJC_ROOT_CLASS = YES_ERROR;
				CLANG_WARN_UNREACHABLE_CODE = YES;
				CLANG_WARN__DUPLICATE_METHOD_MATCH = YES;
				"CODE_SIGN_IDENTITY[sdk=iphoneos*]" = "iPhone Developer";
				COPY_PHASE_STRIP = YES;
				ENABLE_NS_ASSERTIONS = NO;
				ENABLE_STRICT_OBJC_MSGSEND = YES;
				GCC_C_LANGUAGE_STANDARD = gnu99;
				GCC_WARN_64_TO_32_BIT_CONVERSION = YES;
				GCC_WARN_ABOUT_RETURN_TYPE = YES_ERROR;
				GCC_WARN_UNDECLARED_SELECTOR = YES;
				GCC_WARN_UNINITIALIZED_AUTOS = YES_AGGRESSIVE;
				GCC_WARN_UNUSED_FUNCTION = YES;
				GCC_WARN_UNUSED_VARIABLE = YES;
				IPHONEOS_DEPLOYMENT_TARGET = 8.2;
				MTL_ENABLE_DEBUG_INFO = NO;
				SDKROOT = iphoneos;
				VALIDATE_PRODUCT = YES;
			};
			name = Release;
		};
		D931A49E1A8DDD1D000B8E8B /* Debug */ = {
			isa = XCBuildConfiguration;
			buildSettings = {
				ASSETCATALOG_COMPILER_APPICON_NAME = AppIcon;
				INFOPLIST_FILE = Statistics/Info.plist;
				IPHONEOS_DEPLOYMENT_TARGET = 8.0;
				LD_RUNPATH_SEARCH_PATHS = "$(inherited) @executable_path/Frameworks";
				PRODUCT_NAME = "$(TARGET_NAME)";
			};
			name = Debug;
		};
		D931A49F1A8DDD1D000B8E8B /* Release */ = {
			isa = XCBuildConfiguration;
			buildSettings = {
				ASSETCATALOG_COMPILER_APPICON_NAME = AppIcon;
				INFOPLIST_FILE = Statistics/Info.plist;
				IPHONEOS_DEPLOYMENT_TARGET = 8.0;
				LD_RUNPATH_SEARCH_PATHS = "$(inherited) @executable_path/Frameworks";
				PRODUCT_NAME = "$(TARGET_NAME)";
			};
			name = Release;
		};
		D931A4A11A8DDD1D000B8E8B /* Debug */ = {
			isa = XCBuildConfiguration;
			buildSettings = {
				BUNDLE_LOADER = "$(TEST_HOST)";
				FRAMEWORK_SEARCH_PATHS = (
					"$(SDKROOT)/Developer/Library/Frameworks",
					"$(inherited)",
				);
				GCC_PREPROCESSOR_DEFINITIONS = (
					"DEBUG=1",
					"$(inherited)",
				);
				INFOPLIST_FILE = StatisticsTests/Info.plist;
				LD_RUNPATH_SEARCH_PATHS = "$(inherited) @executable_path/Frameworks @loader_path/Frameworks";
				PRODUCT_NAME = "$(TARGET_NAME)";
				TEST_HOST = "$(BUILT_PRODUCTS_DIR)/Statistics.app/Statistics";
			};
			name = Debug;
		};
		D931A4A21A8DDD1D000B8E8B /* Release */ = {
			isa = XCBuildConfiguration;
			buildSettings = {
				BUNDLE_LOADER = "$(TEST_HOST)";
				FRAMEWORK_SEARCH_PATHS = (
					"$(SDKROOT)/Developer/Library/Frameworks",
					"$(inherited)",
				);
				INFOPLIST_FILE = StatisticsTests/Info.plist;
				LD_RUNPATH_SEARCH_PATHS = "$(inherited) @executable_path/Frameworks @loader_path/Frameworks";
				PRODUCT_NAME = "$(TARGET_NAME)";
				TEST_HOST = "$(BUILT_PRODUCTS_DIR)/Statistics.app/Statistics";
			};
			name = Release;
		};
/* End XCBuildConfiguration section */

/* Begin XCConfigurationList section */
		D931A4721A8DDD1D000B8E8B /* Build configuration list for PBXProject "Statistics" */ = {
			isa = XCConfigurationList;
			buildConfigurations = (
				D931A49B1A8DDD1D000B8E8B /* Debug */,
				D931A49C1A8DDD1D000B8E8B /* Release */,
			);
			defaultConfigurationIsVisible = 0;
			defaultConfigurationName = Release;
		};
		D931A49D1A8DDD1D000B8E8B /* Build configuration list for PBXNativeTarget "Statistics" */ = {
			isa = XCConfigurationList;
			buildConfigurations = (
				D931A49E1A8DDD1D000B8E8B /* Debug */,
				D931A49F1A8DDD1D000B8E8B /* Release */,
			);
			defaultConfigurationIsVisible = 0;
			defaultConfigurationName = Release;
		};
		D931A4A01A8DDD1D000B8E8B /* Build configuration list for PBXNativeTarget "StatisticsTests" */ = {
			isa = XCConfigurationList;
			buildConfigurations = (
				D931A4A11A8DDD1D000B8E8B /* Debug */,
				D931A4A21A8DDD1D000B8E8B /* Release */,
			);
			defaultConfigurationIsVisible = 0;
			defaultConfigurationName = Release;
		};
/* End XCConfigurationList section */

/* Begin XCVersionGroup section */
		D931A4811A8DDD1D000B8E8B /* Statistics.xcdatamodeld */ = {
			isa = XCVersionGroup;
			children = (
				D931A4821A8DDD1D000B8E8B /* Statistics.xcdatamodel */,
			);
			currentVersion = D931A4821A8DDD1D000B8E8B /* Statistics.xcdatamodel */;
			path = Statistics.xcdatamodeld;
			sourceTree = "<group>";
			versionGroupType = wrapper.xcdatamodel;
		};
/* End XCVersionGroup section */
	};
	rootObject = D931A46F1A8DDD1D000B8E8B /* Project object */;
}
